<?xml version="1.0" encoding="utf-8"?>
<Project ToolsVersion="4.0" xmlns="http://schemas.microsoft.com/developer/msbuild/2003">
  <ItemGroup>
    <Filter Include="Source Files">
      <UniqueIdentifier>{4FC737F1-C7A5-4376-A066-2A32D752A2FF}</UniqueIdentifier>
      <Extensions>cpp;c;cc;cxx;def;odl;idl;hpj;bat;asm;asmx</Extensions>
    </Filter>
    <Filter Include="Header Files">
      <UniqueIdentifier>{93995380-89BD-4b04-88EB-625FBE52EBFB}</UniqueIdentifier>
      <Extensions>h;hpp;hxx;hm;inl;inc;xsd</Extensions>
    </Filter>
    <Filter Include="Resource Files">
      <UniqueIdentifier>{67DA6AB6-F800-4c08-8B7A-83BB121AAD01}</UniqueIdentifier>
      <Extensions>rc;ico;cur;bmp;dlg;rc2;rct;bin;rgs;gif;jpg;jpeg;jpe;resx;tiff;tif;png;wav;mfcribbon-ms</Extensions>
    </Filter>
    <Filter Include="Header Files\PTechnologies">
      <UniqueIdentifier>{cc238f47-cbc5-4bb6-9eb6-8e63e81d6f36}</UniqueIdentifier>
    </Filter>
    <Filter Include="Source Files\PTechnologies">
      <UniqueIdentifier>{6b595d01-ae03-4c65-8f1d-8c806d58211b}</UniqueIdentifier>
    </Filter>
    <Filter Include="Header Files\Adaptive">
      <UniqueIdentifier>{86e47452-562d-48d6-aba9-3650752eca10}</UniqueIdentifier>
    </Filter>
    <Filter Include="Source Files\Adaptive">
      <UniqueIdentifier>{facdb7f1-3524-453b-84e8-8ca74ba967f0}</UniqueIdentifier>
    </Filter>
    <Filter Include="Header Files\Numerical">
      <UniqueIdentifier>{26b3a634-cbf1-4280-bef0-0fdc6ee273cf}</UniqueIdentifier>
    </Filter>
    <Filter Include="Source Files\Numerical">
      <UniqueIdentifier>{a929b1a7-b924-4e61-bbbe-9699911d07d4}</UniqueIdentifier>
    </Filter>
    <Filter Include="Header Files\Adaptive\Impl">
      <UniqueIdentifier>{03cf5b35-e893-41ae-a825-06e2ad8ef885}</UniqueIdentifier>
    </Filter>
  </ItemGroup>
  <ItemGroup>
    <ClCompile Include="Adaptive.cpp">
      <Filter>Source Files</Filter>
    </ClCompile>
    <ClCompile Include="ParallelUtils.cpp">
      <Filter>Source Files</Filter>
    </ClCompile>
    <ClCompile Include="AbstractParallel.cpp">
      <Filter>Source Files</Filter>
    </ClCompile>
    <ClCompile Include="OmpTechnology.cpp">
      <Filter>Source Files\PTechnologies</Filter>
    </ClCompile>
    <ClCompile Include="CilkTechnology.cpp">
      <Filter>Source Files\PTechnologies</Filter>
    </ClCompile>
    <ClCompile Include="SerialTechnology.cpp">
      <Filter>Source Files\PTechnologies</Filter>
    </ClCompile>
    <ClCompile Include="PPLTechnology.cpp">
      <Filter>Source Files\PTechnologies</Filter>
    </ClCompile>
    <ClCompile Include="DoubleDoubleFunctions.cpp">
      <Filter>Source Files\Adaptive</Filter>
    </ClCompile>
    <ClCompile Include="SurfaceFunctions.cpp">
      <Filter>Source Files\Adaptive</Filter>
    </ClCompile>
    <ClCompile Include="Vector2D.cpp">
      <Filter>Source Files\Adaptive</Filter>
    </ClCompile>
    <ClCompile Include="Vector3D.cpp">
      <Filter>Source Files\Adaptive</Filter>
    </ClCompile>
    <ClCompile Include="OutputToGrapher.cpp">
      <Filter>Source Files\Adaptive</Filter>
    </ClCompile>
    <ClCompile Include="BoostTechnology.cpp">
      <Filter>Source Files\PTechnologies</Filter>
    </ClCompile>
    <ClCompile Include="TBBTechnology.cpp">
      <Filter>Source Files\PTechnologies</Filter>
    </ClCompile>
    <ClCompile Include="Statistics.cpp">
      <Filter>Source Files</Filter>
    </ClCompile>
    <ClCompile Include="TplInterval.cpp">
      <Filter>Source Files\Adaptive</Filter>
    </ClCompile>
    <ClCompile Include="Electron.cpp">
      <Filter>Source Files\Numerical</Filter>
    </ClCompile>
    <ClCompile Include="ParallelUtilsBase.cpp">
      <Filter>Source Files</Filter>
    </ClCompile>
    <ClCompile Include="pugixml.cpp">
      <Filter>Source Files</Filter>
    </ClCompile>
  </ItemGroup>
  <ItemGroup>
    <ClInclude Include="AbstractParallel.h">
      <Filter>Header Files</Filter>
    </ClInclude>
    <ClInclude Include="ParallelUtils.h">
      <Filter>Header Files</Filter>
    </ClInclude>
    <ClInclude Include="Statistics.h">
      <Filter>Header Files</Filter>
    </ClInclude>
    <ClInclude Include="CilkTechnology.h">
      <Filter>Header Files\PTechnologies</Filter>
    </ClInclude>
    <ClInclude Include="SerialTechnology.h">
      <Filter>Header Files\PTechnologies</Filter>
    </ClInclude>
    <ClInclude Include="ParallelTechnology.h">
      <Filter>Header Files\PTechnologies</Filter>
    </ClInclude>
    <ClInclude Include="OmpTechnology.h">
      <Filter>Header Files\PTechnologies</Filter>
    </ClInclude>
    <ClInclude Include="PPLTechnology.h">
      <Filter>Header Files\PTechnologies</Filter>
    </ClInclude>
    <ClInclude Include="DoubleDoubleApproximation.h">
      <Filter>Header Files\Adaptive</Filter>
    </ClInclude>
    <ClInclude Include="DoubleDoubleFunctions.h">
      <Filter>Header Files\Adaptive</Filter>
    </ClInclude>
    <ClInclude Include="ObjectApproximation.h">
      <Filter>Header Files\Adaptive</Filter>
    </ClInclude>
    <ClInclude Include="LinearApproximation.h">
      <Filter>Header Files\Adaptive</Filter>
    </ClInclude>
    <ClInclude Include="PlaneApproximation.h">
      <Filter>Header Files\Adaptive</Filter>
    </ClInclude>
    <ClInclude Include="TValueDoubleApproximation.h">
      <Filter>Header Files\Adaptive</Filter>
    </ClInclude>
    <ClInclude Include="TValueDoubleObject.h">
      <Filter>Header Files\Adaptive</Filter>
    </ClInclude>
    <ClInclude Include="TValueParamApproximation.h">
      <Filter>Header Files\Adaptive</Filter>
    </ClInclude>
    <ClInclude Include="TValueParamObject.h">
      <Filter>Header Files\Adaptive</Filter>
    </ClInclude>
    <ClInclude Include="TDoubleDoubleObject.h">
      <Filter>Header Files\Adaptive</Filter>
    </ClInclude>
    <ClInclude Include="BoostTechnology.h">
      <Filter>Header Files\PTechnologies</Filter>
    </ClInclude>
    <ClInclude Include="TBBTechnology.h">
      <Filter>Header Files\PTechnologies</Filter>
    </ClInclude>
    <ClInclude Include="Numerical.h">
      <Filter>Header Files\Numerical</Filter>
    </ClInclude>
    <ClInclude Include="TParamObjectPolicy.h">
      <Filter>Header Files\Adaptive</Filter>
    </ClInclude>
    <ClInclude Include="Vector2D.h">
      <Filter>Header Files\Adaptive\Impl</Filter>
    </ClInclude>
    <ClInclude Include="Vector3D.h">
      <Filter>Header Files\Adaptive\Impl</Filter>
    </ClInclude>
    <ClInclude Include="TVect3Vec2Approximation.h">
      <Filter>Header Files\Adaptive\Impl</Filter>
    </ClInclude>
    <ClInclude Include="TVec3Vec2Object.h">
      <Filter>Header Files\Adaptive\Impl</Filter>
    </ClInclude>
    <ClInclude Include="SurfaceFunctions.h">
      <Filter>Header Files\Adaptive\Impl</Filter>
    </ClInclude>
    <ClInclude Include="OutputToGrapher.h">
      <Filter>Header Files\Adaptive\Impl</Filter>
    </ClInclude>
    <ClInclude Include="TplInterval.h">
      <Filter>Header Files\Adaptive</Filter>
    </ClInclude>
    <ClInclude Include="tplForward.h">
      <Filter>Header Files</Filter>
    </ClInclude>
    <ClInclude Include="Gravity.h">
      <Filter>Header Files\Numerical</Filter>
    </ClInclude>
    <ClInclude Include="Electron.h">
      <Filter>Header Files\Numerical</Filter>
    </ClInclude>
    <ClInclude Include="Constants.h">
      <Filter>Header Files\Numerical</Filter>
    </ClInclude>
    <ClInclude Include="Grid.h">
      <Filter>Header Files\Numerical</Filter>
    </ClInclude>
    <ClInclude Include="NonGrid.h">
      <Filter>Header Files\Numerical</Filter>
    </ClInclude>
    <ClInclude Include="Puasson.h">
      <Filter>Header Files\Numerical</Filter>
    </ClInclude>
    <ClInclude Include="TPLdefines.h">
      <Filter>Header Files</Filter>
    </ClInclude>
    <ClInclude Include="ParallelUtilsBase.h">
      <Filter>Header Files</Filter>
    </ClInclude>
    <ClInclude Include="pugiconfig.hpp">
      <Filter>Header Files</Filter>
    </ClInclude>
    <ClInclude Include="pugixml.hpp">
      <Filter>Header Files</Filter>
    </ClInclude>
  </ItemGroup>
  <ItemGroup>
    <None Include="ClassDiagram1.cd" />
    <None Include="ClassDiagram2.cd" />
  </ItemGroup>
</Project>