<?xml version="1.0" encoding="utf-8"?>
<Project ToolsVersion="4.0" xmlns="http://schemas.microsoft.com/developer/msbuild/2003">
  <ItemGroup>
    <Filter Include="Source Files">
      <UniqueIdentifier>{4FC737F1-C7A5-4376-A066-2A32D752A2FF}</UniqueIdentifier>
      <Extensions>cpp;c;cc;cxx;def;odl;idl;hpj;bat;asm;asmx</Extensions>
    </Filter>
    <Filter Include="Header Files">
      <UniqueIdentifier>{93995380-89BD-4b04-88EB-625FBE52EBFB}</UniqueIdentifier>
      <Extensions>h;hpp;hxx;hm;inl;inc;xsd</Extensions>
    </Filter>
    <Filter Include="Resource Files">
      <UniqueIdentifier>{67DA6AB6-F800-4c08-8B7A-83BB121AAD01}</UniqueIdentifier>
      <Extensions>rc;ico;cur;bmp;dlg;rc2;rct;bin;rgs;gif;jpg;jpeg;jpe;resx;tiff;tif;png;wav;mfcribbon-ms</Extensions>
    </Filter>
    <Filter Include="Header Files\PTechnologies">
      <UniqueIdentifier>{cc238f47-cbc5-4bb6-9eb6-8e63e81d6f36}</UniqueIdentifier>
    </Filter>
    <Filter Include="Source Files\PTechnologies">
      <UniqueIdentifier>{6b595d01-ae03-4c65-8f1d-8c806d58211b}</UniqueIdentifier>
    </Filter>
  </ItemGroup>
  <ItemGroup>
    <ClCompile Include="Adaptive.cpp">
      <Filter>Source Files</Filter>
    </ClCompile>
    <ClCompile Include="DoubleDoubleFunctions.cpp">
      <Filter>Source Files</Filter>
    </ClCompile>
    <ClCompile Include="Interval.cpp">
      <Filter>Source Files</Filter>
    </ClCompile>
    <ClCompile Include="OutputToGrapher.cpp">
      <Filter>Source Files</Filter>
    </ClCompile>
    <ClCompile Include="ParallelUtils.cpp">
      <Filter>Source Files</Filter>
    </ClCompile>
    <ClCompile Include="SurfaceFunctions.cpp">
      <Filter>Source Files</Filter>
    </ClCompile>
    <ClCompile Include="Vector2D.cpp">
      <Filter>Source Files</Filter>
    </ClCompile>
    <ClCompile Include="Vector3D.cpp">
      <Filter>Source Files</Filter>
    </ClCompile>
    <ClCompile Include="AbstractParallel.cpp">
      <Filter>Source Files</Filter>
    </ClCompile>
    <ClCompile Include="OmpTechnology.cpp">
      <Filter>Source Files\PTechnologies</Filter>
    </ClCompile>
    <ClCompile Include="CilkTechnology.cpp">
      <Filter>Source Files\PTechnologies</Filter>
    </ClCompile>
    <ClCompile Include="SerialTechnology.cpp">
      <Filter>Source Files\PTechnologies</Filter>
    </ClCompile>
  </ItemGroup>
  <ItemGroup>
    <ClInclude Include="AbstractParallel.h">
      <Filter>Header Files</Filter>
    </ClInclude>
    <ClInclude Include="forward.h">
      <Filter>Header Files</Filter>
    </ClInclude>
    <ClInclude Include="Interval.h">
      <Filter>Header Files</Filter>
    </ClInclude>
    <ClInclude Include="DoubleDoubleFunctions.h">
      <Filter>Header Files</Filter>
    </ClInclude>
    <ClInclude Include="DoubleDoubleApproximation.h">
      <Filter>Header Files</Filter>
    </ClInclude>
    <ClInclude Include="LinearApproximation.h">
      <Filter>Header Files</Filter>
    </ClInclude>
    <ClInclude Include="ObjectApproximation.h">
      <Filter>Header Files</Filter>
    </ClInclude>
    <ClInclude Include="OutputToGrapher.h">
      <Filter>Header Files</Filter>
    </ClInclude>
    <ClInclude Include="ParallelUtils.h">
      <Filter>Header Files</Filter>
    </ClInclude>
    <ClInclude Include="PlaneApproximation.h">
      <Filter>Header Files</Filter>
    </ClInclude>
    <ClInclude Include="Statistics.h">
      <Filter>Header Files</Filter>
    </ClInclude>
    <ClInclude Include="SurfaceFunctions.h">
      <Filter>Header Files</Filter>
    </ClInclude>
    <ClInclude Include="TDoubleDoubleObject.h">
      <Filter>Header Files</Filter>
    </ClInclude>
    <ClInclude Include="TValueDoubleApproximation.h">
      <Filter>Header Files</Filter>
    </ClInclude>
    <ClInclude Include="TValueDoubleObject.h">
      <Filter>Header Files</Filter>
    </ClInclude>
    <ClInclude Include="TValueParamApproximation.h">
      <Filter>Header Files</Filter>
    </ClInclude>
    <ClInclude Include="TValueParamObject.h">
      <Filter>Header Files</Filter>
    </ClInclude>
    <ClInclude Include="TVec3Vec2Object.h">
      <Filter>Header Files</Filter>
    </ClInclude>
    <ClInclude Include="TVect3Vec2Approximation.h">
      <Filter>Header Files</Filter>
    </ClInclude>
    <ClInclude Include="Vector2D.h">
      <Filter>Header Files</Filter>
    </ClInclude>
    <ClInclude Include="Vector3D.h">
      <Filter>Header Files</Filter>
    </ClInclude>
    <ClInclude Include="CilkTechnology.h">
      <Filter>Header Files\PTechnologies</Filter>
    </ClInclude>
    <ClInclude Include="SerialTechnology.h">
      <Filter>Header Files\PTechnologies</Filter>
    </ClInclude>
    <ClInclude Include="ParallelTechnology.h">
      <Filter>Header Files\PTechnologies</Filter>
    </ClInclude>
    <ClInclude Include="OmpTechnology.h">
      <Filter>Header Files\PTechnologies</Filter>
    </ClInclude>
  </ItemGroup>
</Project>